
Microsoft Visual Studio Solution File, Format Version 12.00
# Visual Studio Version 16
VisualStudioVersion = 16.0.30011.22
MinimumVisualStudioVersion = 10.0.40219.1
Project("{FAE04EC0-301F-11D3-BF4B-00C04F79EFBC}") = "Capturador_gastro_avances", "Capturador_gastro_avances\Capturador_gastro_avances.csproj", "{E816C559-6D59-418D-AFCF-15C7443E5E1C}"
EndProject
Project("{54435603-DBB4-11D2-8724-00A0C9A8B90C}") = "Setup", "Setup\Setup.vdproj", "{D819732B-DDD3-4CF9-9A0C-33E29C4B0A6A}"
EndProject
Global
	GlobalSection(SolutionConfigurationPlatforms) = preSolution
		Debug|Any CPU = Debug|Any CPU
		Release|Any CPU = Release|Any CPU
	EndGlobalSection
	GlobalSection(ProjectConfigurationPlatforms) = postSolution
		{E816C559-6D59-418D-AFCF-15C7443E5E1C}.Debug|Any CPU.ActiveCfg = Release|Any CPU
		{E816C559-6D59-418D-AFCF-15C7443E5E1C}.Debug|Any CPU.Build.0 = Release|Any CPU
		{E816C559-6D59-418D-AFCF-15C7443E5E1C}.Release|Any CPU.ActiveCfg = Debug|Any CPU
		{E816C559-6D59-418D-AFCF-15C7443E5E1C}.Release|Any CPU.Build.0 = Debug|Any CPU
		{D819732B-DDD3-4CF9-9A0C-33E29C4B0A6A}.Debug|Any CPU.ActiveCfg = Release
		{D819732B-DDD3-4CF9-9A0C-33E29C4B0A6A}.Release|Any CPU.ActiveCfg = Release
	EndGlobalSection
	GlobalSection(SolutionProperties) = preSolution
		HideSolutionNode = FALSE
	EndGlobalSection
	GlobalSection(ExtensibilityGlobals) = postSolution
		SolutionGuid = {81E30BB4-B962-4C4F-BC46-10896C5DD0E5}
	EndGlobalSection
EndGlobal
